
Microsoft Visual Studio Solution File, Format Version 12.00
# Visual Studio Version 17
VisualStudioVersion = 17.12.35521.163
MinimumVisualStudioVersion = 10.0.40219.1
Project("{2150E333-8FDC-42A3-9474-1A3956D46DE8}") = "src", "src", "{3221B0DC-330A-422B-9BEA-46433D4F2D9F}"
EndProject
Project("{2150E333-8FDC-42A3-9474-1A3956D46DE8}") = "01-Domain", "01-Domain", "{D58707AC-8CDE-4222-AEB3-4A66A133CA15}"
EndProject
Project("{2150E333-8FDC-42A3-9474-1A3956D46DE8}") = "02-Infrasthrature", "02-Infrasthrature", "{303A0234-C756-4F71-97F7-1C29D9EFA0FA}"
EndProject
Project("{2150E333-8FDC-42A3-9474-1A3956D46DE8}") = "EndPoint", "EndPoint", "{BAF9C827-74CD-4DDF-BE27-648DC2EA0680}"
EndProject
Project("{2150E333-8FDC-42A3-9474-1A3956D46DE8}") = "core", "core", "{0A7F4725-C37C-4622-A4DE-5AB2C8180950}"
EndProject
Project("{2150E333-8FDC-42A3-9474-1A3956D46DE8}") = "Servise", "Servise", "{E2630370-44F1-42B4-A097-DDD34B5D9509}"
EndProject
Project("{FAE04EC0-301F-11D3-BF4B-00C04F79EFBC}") = "App.Domain.Core", "App.Domain.Core\App.Domain.Core.csproj", "{50CC641C-9577-45DB-A7EF-4D66FDB549DA}"
EndProject
Project("{FAE04EC0-301F-11D3-BF4B-00C04F79EFBC}") = "App.Domain.AppService", "App.Domain.AppService\App.Domain.AppService.csproj", "{CB898A03-9128-4F81-8A9F-402A7A9257CE}"
EndProject
Project("{FAE04EC0-301F-11D3-BF4B-00C04F79EFBC}") = "App.Domain.Service", "App.Domain.Service\App.Domain.Service.csproj", "{03C36C94-32A6-4540-B483-A4DEE2551810}"
EndProject
Project("{2150E333-8FDC-42A3-9474-1A3956D46DE8}") = "DataAccess", "DataAccess", "{72DD13FF-A5FC-43B7-8DCC-1E47A875B5DB}"
EndProject
Project("{FAE04EC0-301F-11D3-BF4B-00C04F79EFBC}") = "App.Infra.Data.Repos.Ef", "App.Infra.Data.Repos.Ef\App.Infra.Data.Repos.Ef.csproj", "{E057388D-4DD1-4292-990C-17B62EACCCF6}"
EndProject
Project("{2150E333-8FDC-42A3-9474-1A3956D46DE8}") = "Db", "Db", "{D622C7AF-44FE-4CFC-89C9-235461042401}"
EndProject
Project("{FAE04EC0-301F-11D3-BF4B-00C04F79EFBC}") = "App.Infra.Data.Db.SqlServer.Ef", "App.Infra.Data.Db.SqlServer.Ef\App.Infra.Data.Db.SqlServer.Ef.csproj", "{B7F4A399-41CF-401D-B781-8995DE50A293}"
EndProject
Project("{FAE04EC0-301F-11D3-BF4B-00C04F79EFBC}") = "App.EndPoint.Console.Quiz2", "App.EndPoint.Console.Quiz2\App.EndPoint.Console.Quiz2.csproj", "{1C4ECE79-0A1F-47E7-A47B-B77B9B6815EA}"
EndProject
Project("{FAE04EC0-301F-11D3-BF4B-00C04F79EFBC}") = "App.EndPoint.MVC.Quiz2", "App.EndPoint.MVC.Quiz2\App.EndPoint.MVC.Quiz2.csproj", "{19699F34-5407-4175-8F83-5BCB068D6F72}"
EndProject
Project("{2150E333-8FDC-42A3-9474-1A3956D46DE8}") = "MVC-EndPoint", "MVC-EndPoint", "{D8B8B323-829C-465D-8719-C1A3047AD2EF}"
EndProject
Project("{2150E333-8FDC-42A3-9474-1A3956D46DE8}") = "Console-Endpoint", "Console-Endpoint", "{0578B1A6-1C08-4FDF-9FCC-93A6A66C4692}"
EndProject
Global
	GlobalSection(SolutionConfigurationPlatforms) = preSolution
		Debug|Any CPU = Debug|Any CPU
		Release|Any CPU = Release|Any CPU
	EndGlobalSection
	GlobalSection(ProjectConfigurationPlatforms) = postSolution
		{50CC641C-9577-45DB-A7EF-4D66FDB549DA}.Debug|Any CPU.ActiveCfg = Debug|Any CPU
		{50CC641C-9577-45DB-A7EF-4D66FDB549DA}.Debug|Any CPU.Build.0 = Debug|Any CPU
		{50CC641C-9577-45DB-A7EF-4D66FDB549DA}.Release|Any CPU.ActiveCfg = Release|Any CPU
		{50CC641C-9577-45DB-A7EF-4D66FDB549DA}.Release|Any CPU.Build.0 = Release|Any CPU
		{CB898A03-9128-4F81-8A9F-402A7A9257CE}.Debug|Any CPU.ActiveCfg = Debug|Any CPU
		{CB898A03-9128-4F81-8A9F-402A7A9257CE}.Debug|Any CPU.Build.0 = Debug|Any CPU
		{CB898A03-9128-4F81-8A9F-402A7A9257CE}.Release|Any CPU.ActiveCfg = Release|Any CPU
		{CB898A03-9128-4F81-8A9F-402A7A9257CE}.Release|Any CPU.Build.0 = Release|Any CPU
		{03C36C94-32A6-4540-B483-A4DEE2551810}.Debug|Any CPU.ActiveCfg = Debug|Any CPU
		{03C36C94-32A6-4540-B483-A4DEE2551810}.Debug|Any CPU.Build.0 = Debug|Any CPU
		{03C36C94-32A6-4540-B483-A4DEE2551810}.Release|Any CPU.ActiveCfg = Release|Any CPU
		{03C36C94-32A6-4540-B483-A4DEE2551810}.Release|Any CPU.Build.0 = Release|Any CPU
		{E057388D-4DD1-4292-990C-17B62EACCCF6}.Debug|Any CPU.ActiveCfg = Debug|Any CPU
		{E057388D-4DD1-4292-990C-17B62EACCCF6}.Debug|Any CPU.Build.0 = Debug|Any CPU
		{E057388D-4DD1-4292-990C-17B62EACCCF6}.Release|Any CPU.ActiveCfg = Release|Any CPU
		{E057388D-4DD1-4292-990C-17B62EACCCF6}.Release|Any CPU.Build.0 = Release|Any CPU
		{B7F4A399-41CF-401D-B781-8995DE50A293}.Debug|Any CPU.ActiveCfg = Debug|Any CPU
		{B7F4A399-41CF-401D-B781-8995DE50A293}.Debug|Any CPU.Build.0 = Debug|Any CPU
		{B7F4A399-41CF-401D-B781-8995DE50A293}.Release|Any CPU.ActiveCfg = Release|Any CPU
		{B7F4A399-41CF-401D-B781-8995DE50A293}.Release|Any CPU.Build.0 = Release|Any CPU
		{1C4ECE79-0A1F-47E7-A47B-B77B9B6815EA}.Debug|Any CPU.ActiveCfg = Debug|Any CPU
		{1C4ECE79-0A1F-47E7-A47B-B77B9B6815EA}.Debug|Any CPU.Build.0 = Debug|Any CPU
		{1C4ECE79-0A1F-47E7-A47B-B77B9B6815EA}.Release|Any CPU.ActiveCfg = Release|Any CPU
		{1C4ECE79-0A1F-47E7-A47B-B77B9B6815EA}.Release|Any CPU.Build.0 = Release|Any CPU
		{19699F34-5407-4175-8F83-5BCB068D6F72}.Debug|Any CPU.ActiveCfg = Debug|Any CPU
		{19699F34-5407-4175-8F83-5BCB068D6F72}.Debug|Any CPU.Build.0 = Debug|Any CPU
		{19699F34-5407-4175-8F83-5BCB068D6F72}.Release|Any CPU.ActiveCfg = Release|Any CPU
		{19699F34-5407-4175-8F83-5BCB068D6F72}.Release|Any CPU.Build.0 = Release|Any CPU
	EndGlobalSection
	GlobalSection(SolutionProperties) = preSolution
		HideSolutionNode = FALSE
	EndGlobalSection
	GlobalSection(NestedProjects) = preSolution
		{D58707AC-8CDE-4222-AEB3-4A66A133CA15} = {3221B0DC-330A-422B-9BEA-46433D4F2D9F}
		{303A0234-C756-4F71-97F7-1C29D9EFA0FA} = {3221B0DC-330A-422B-9BEA-46433D4F2D9F}
		{BAF9C827-74CD-4DDF-BE27-648DC2EA0680} = {3221B0DC-330A-422B-9BEA-46433D4F2D9F}
		{0A7F4725-C37C-4622-A4DE-5AB2C8180950} = {D58707AC-8CDE-4222-AEB3-4A66A133CA15}
		{E2630370-44F1-42B4-A097-DDD34B5D9509} = {D58707AC-8CDE-4222-AEB3-4A66A133CA15}
		{50CC641C-9577-45DB-A7EF-4D66FDB549DA} = {0A7F4725-C37C-4622-A4DE-5AB2C8180950}
		{CB898A03-9128-4F81-8A9F-402A7A9257CE} = {E2630370-44F1-42B4-A097-DDD34B5D9509}
		{03C36C94-32A6-4540-B483-A4DEE2551810} = {E2630370-44F1-42B4-A097-DDD34B5D9509}
		{72DD13FF-A5FC-43B7-8DCC-1E47A875B5DB} = {303A0234-C756-4F71-97F7-1C29D9EFA0FA}
		{E057388D-4DD1-4292-990C-17B62EACCCF6} = {72DD13FF-A5FC-43B7-8DCC-1E47A875B5DB}
		{D622C7AF-44FE-4CFC-89C9-235461042401} = {303A0234-C756-4F71-97F7-1C29D9EFA0FA}
		{B7F4A399-41CF-401D-B781-8995DE50A293} = {D622C7AF-44FE-4CFC-89C9-235461042401}
		{1C4ECE79-0A1F-47E7-A47B-B77B9B6815EA} = {0578B1A6-1C08-4FDF-9FCC-93A6A66C4692}
		{19699F34-5407-4175-8F83-5BCB068D6F72} = {D8B8B323-829C-465D-8719-C1A3047AD2EF}
		{D8B8B323-829C-465D-8719-C1A3047AD2EF} = {BAF9C827-74CD-4DDF-BE27-648DC2EA0680}
		{0578B1A6-1C08-4FDF-9FCC-93A6A66C4692} = {BAF9C827-74CD-4DDF-BE27-648DC2EA0680}
	EndGlobalSection
EndGlobal
